[[package]]
category = "main"
description = "Python package for providing Mozilla's CA Bundle."
name = "certifi"
optional = false
python-versions = "*"
version = "2019.9.11"

[[package]]
category = "dev"
description = "Databricks Connect Client"
name = "databricks-connect"
optional = false
python-versions = "*"
version = "5.5.3"

[package.dependencies]
py4j = "0.10.7"
six = "*"

[package.extras]
ml = ["numpy (>=1.7)"]
mllib = ["numpy (>=1.7)"]
sql = ["pandas (>=0.19.2)", "pyarrow (>=0.8.0)"]

[[package]]
category = "dev"
description = "Enables Python programs to dynamically access arbitrary Java objects"
name = "py4j"
optional = false
python-versions = "*"
version = "0.10.7"

[[package]]
category = "main"
description = "Python client for Sentry (https://getsentry.com)"
name = "sentry-sdk"
optional = false
python-versions = "*"
version = "0.13.5"

[package.dependencies]
certifi = "*"
urllib3 = ">=1.10.0"

[package.extras]
aiohttp = ["aiohttp (>=3.5)"]
beam = ["beam (>=2.12)"]
bottle = ["bottle (>=0.12.13)"]
celery = ["celery (>=3)"]
django = ["django (>=1.8)"]
falcon = ["falcon (>=1.4)"]
flask = ["flask (>=0.11)", "blinker (>=1.1)"]
pyspark = ["pyspark (>=2.4.4)"]
rq = ["0.6"]
sanic = ["sanic (>=0.8)"]
sqlalchemy = ["sqlalchemy (>=1.2)"]
tornado = ["tornado (>=5)"]

[[package]]
category = "dev"
description = "Python 2 and 3 compatibility utilities"
name = "six"
optional = false
python-versions = ">=2.6, !=3.0.*, !=3.1.*"
version = "1.13.0"

[[package]]
category = "main"
description = "HTTP library with thread-safe connection pooling, file post, and more."
name = "urllib3"
optional = false
python-versions = "*"
version = "1.22"

[package.extras]
secure = ["pyOpenSSL (>=0.14)", "cryptography (>=1.3.4)", "idna (>=2.0.0)", "certifi", "ipaddress"]
socks = ["PySocks (>=1.5.6,<1.5.7 || >1.5.7,<2.0)"]

[metadata]
content-hash = "016f161f86d453eeb27c8250727402f0194a6491628624cddf629bda3d5b9271"
python-versions = ">=3.5.2"

[metadata.files]
certifi = [
    {file = "certifi-2019.9.11-py2.py3-none-any.whl", hash = "sha256:fd7c7c74727ddcf00e9acd26bba8da604ffec95bf1c2144e67aff7a8b50e6cef"},
    {file = "certifi-2019.9.11.tar.gz", hash = "sha256:e4f3620cfea4f83eedc95b24abd9cd56f3c4b146dd0177e83a21b4eb49e21e50"},
]
databricks-connect = [
    {file = "databricks-connect-5.5.3.tar.gz", hash = "sha256:7e7a478bf802c7dbacde765f89414bb74fc33578a1aae2d55ed06b9a6909cd0c"},
]
py4j = [
    {file = "py4j-0.10.7-py2.py3-none-any.whl", hash = "sha256:a950fe7de1bfd247a0a4dddb9118f332d22a89e01e0699135ea8038c15ee1293"},
    {file = "py4j-0.10.7.zip", hash = "sha256:721189616b3a7d28212dfb2e7c6a1dd5147b03105f1fc37ff2432acd0e863fa5"},
]
sentry-sdk = [
    {file = "sentry-sdk-0.13.5.tar.gz", hash = "sha256:c6b919623e488134a728f16326c6f0bcdab7e3f59e7f4c472a90eea4d6d8fe82"},
    {file = "sentry_sdk-0.13.5-py2.py3-none-any.whl", hash = "sha256:05285942901d38c7ce2498aba50d8e87b361fc603281a5902dda98f3f8c5e145"},
]
six = [
    {file = "six-1.13.0-py2.py3-none-any.whl", hash = "sha256:1f1b7d42e254082a9db6279deae68afb421ceba6158efa6131de7b3003ee93fd"},
    {file = "six-1.13.0.tar.gz", hash = "sha256:30f610279e8b2578cab6db20741130331735c781b56053c59c4076da27f06b66"},
]
urllib3 = [
    {file = "urllib3-1.22-py2.py3-none-any.whl", hash = "sha256:06330f386d6e4b195fbfc736b297f58c5a892e4440e54d294d7004e3a9bbea1b"},
    {file = "urllib3-1.22.tar.gz", hash = "sha256:cc44da8e1145637334317feebd728bd869a35285b93cbb4cca2577da7e62db4f"},
]
